// !$*UTF8*$!
{
	archiveVersion = 1;
	classes = {
	};
	objectVersion = 50;
	objects = {

/* Begin PBXBuildFile section */
		4275BBA4217B90F700A26910 /* UserProfileStoryboard.storyboard in Resources */ = {isa = PBXBuildFile; fileRef = 4275BBA3217B90F700A26910 /* UserProfileStoryboard.storyboard */; };
		4275BBA6217B9AE500A26910 /* UserProfileViewController.swift in Sources */ = {isa = PBXBuildFile; fileRef = 4275BBA5217B9AE500A26910 /* UserProfileViewController.swift */; };
		4275BBA8217BA52A00A26910 /* EditProfileViewController.swift in Sources */ = {isa = PBXBuildFile; fileRef = 4275BBA7217BA52A00A26910 /* EditProfileViewController.swift */; };
		42D5B7F021837BDE00E6CF43 /* User.swift in Sources */ = {isa = PBXBuildFile; fileRef = 42D5B7EF21837BDE00E6CF43 /* User.swift */; };
		42D5B7F221837E9E00E6CF43 /* EditProfileViewControllerDelegate.swift in Sources */ = {isa = PBXBuildFile; fileRef = 42D5B7F121837E9E00E6CF43 /* EditProfileViewControllerDelegate.swift */; };
		CA783B5D217B821D00329F32 /* AppDelegate.swift in Sources */ = {isa = PBXBuildFile; fileRef = CA783B5C217B821D00329F32 /* AppDelegate.swift */; };
		CA783B5F217B821D00329F32 /* ViewController.swift in Sources */ = {isa = PBXBuildFile; fileRef = CA783B5E217B821D00329F32 /* ViewController.swift */; };
		CA783B62217B821D00329F32 /* Main.storyboard in Resources */ = {isa = PBXBuildFile; fileRef = CA783B60217B821D00329F32 /* Main.storyboard */; };
		CA783B64217B821F00329F32 /* Assets.xcassets in Resources */ = {isa = PBXBuildFile; fileRef = CA783B63217B821F00329F32 /* Assets.xcassets */; };
		CA783B67217B821F00329F32 /* LaunchScreen.storyboard in Resources */ = {isa = PBXBuildFile; fileRef = CA783B65217B821F00329F32 /* LaunchScreen.storyboard */; };
/* End PBXBuildFile section */

/* Begin PBXFileReference section */
		4275BBA3217B90F700A26910 /* UserProfileStoryboard.storyboard */ = {isa = PBXFileReference; lastKnownFileType = file.storyboard; path = UserProfileStoryboard.storyboard; sourceTree = "<group>"; };
		4275BBA5217B9AE500A26910 /* UserProfileViewController.swift */ = {isa = PBXFileReference; lastKnownFileType = sourcecode.swift; path = UserProfileViewController.swift; sourceTree = "<group>"; };
		4275BBA7217BA52A00A26910 /* EditProfileViewController.swift */ = {isa = PBXFileReference; lastKnownFileType = sourcecode.swift; path = EditProfileViewController.swift; sourceTree = "<group>"; };
		42D5B7EF21837BDE00E6CF43 /* User.swift */ = {isa = PBXFileReference; lastKnownFileType = sourcecode.swift; path = User.swift; sourceTree = "<group>"; };
		42D5B7F121837E9E00E6CF43 /* EditProfileViewControllerDelegate.swift */ = {isa = PBXFileReference; lastKnownFileType = sourcecode.swift; path = EditProfileViewControllerDelegate.swift; sourceTree = "<group>"; };
		CA783B59217B821D00329F32 /* GreenBottle.app */ = {isa = PBXFileReference; explicitFileType = wrapper.application; includeInIndex = 0; path = GreenBottle.app; sourceTree = BUILT_PRODUCTS_DIR; };
		CA783B5C217B821D00329F32 /* AppDelegate.swift */ = {isa = PBXFileReference; lastKnownFileType = sourcecode.swift; path = AppDelegate.swift; sourceTree = "<group>"; };
		CA783B5E217B821D00329F32 /* ViewController.swift */ = {isa = PBXFileReference; lastKnownFileType = sourcecode.swift; path = ViewController.swift; sourceTree = "<group>"; };
		CA783B61217B821D00329F32 /* Base */ = {isa = PBXFileReference; lastKnownFileType = file.storyboard; name = Base; path = Base.lproj/Main.storyboard; sourceTree = "<group>"; };
		CA783B63217B821F00329F32 /* Assets.xcassets */ = {isa = PBXFileReference; lastKnownFileType = folder.assetcatalog; path = Assets.xcassets; sourceTree = "<group>"; };
		CA783B66217B821F00329F32 /* Base */ = {isa = PBXFileReference; lastKnownFileType = file.storyboard; name = Base; path = Base.lproj/LaunchScreen.storyboard; sourceTree = "<group>"; };
		CA783B68217B821F00329F32 /* Info.plist */ = {isa = PBXFileReference; lastKnownFileType = text.plist.xml; path = Info.plist; sourceTree = "<group>"; };
/* End PBXFileReference section */

/* Begin PBXFrameworksBuildPhase section */
		CA783B56217B821D00329F32 /* Frameworks */ = {
			isa = PBXFrameworksBuildPhase;
			buildActionMask = 2147483647;
			files = (
			);
			runOnlyForDeploymentPostprocessing = 0;
		};
/* End PBXFrameworksBuildPhase section */

/* Begin PBXGroup section */
		CA783B50217B821D00329F32 = {
			isa = PBXGroup;
			children = (
				CA783B5B217B821D00329F32 /* GreenBottle */,
				CA783B5A217B821D00329F32 /* Products */,
			);
			sourceTree = "<group>";
		};
		CA783B5A217B821D00329F32 /* Products */ = {
			isa = PBXGroup;
			children = (
				CA783B59217B821D00329F32 /* GreenBottle.app */,
			);
			name = Products;
			sourceTree = "<group>";
		};
		CA783B5B217B821D00329F32 /* GreenBottle */ = {
			isa = PBXGroup;
			children = (
				CA783B5C217B821D00329F32 /* AppDelegate.swift */,
				CA783B5E217B821D00329F32 /* ViewController.swift */,
				CA783B60217B821D00329F32 /* Main.storyboard */,
				4275BBA3217B90F700A26910 /* UserProfileStoryboard.storyboard */,
				CA783B63217B821F00329F32 /* Assets.xcassets */,
				CA783B65217B821F00329F32 /* LaunchScreen.storyboard */,
				CA783B68217B821F00329F32 /* Info.plist */,
				4275BBA5217B9AE500A26910 /* UserProfileViewController.swift */,
				4275BBA7217BA52A00A26910 /* EditProfileViewController.swift */,
				42D5B7EF21837BDE00E6CF43 /* User.swift */,
				42D5B7F121837E9E00E6CF43 /* EditProfileViewControllerDelegate.swift */,
			);
			path = GreenBottle;
			sourceTree = "<group>";
		};
/* End PBXGroup section */

/* Begin PBXNativeTarget section */
		CA783B58217B821D00329F32 /* GreenBottle */ = {
			isa = PBXNativeTarget;
			buildConfigurationList = CA783B6B217B821F00329F32 /* Build configuration list for PBXNativeTarget "GreenBottle" */;
			buildPhases = (
				CA783B55217B821D00329F32 /* Sources */,
				CA783B56217B821D00329F32 /* Frameworks */,
				CA783B57217B821D00329F32 /* Resources */,
			);
			buildRules = (
			);
			dependencies = (
			);
			name = GreenBottle;
			productName = GreenBottle;
			productReference = CA783B59217B821D00329F32 /* GreenBottle.app */;
			productType = "com.apple.product-type.application";
		};
/* End PBXNativeTarget section */

/* Begin PBXProject section */
		CA783B51217B821D00329F32 /* Project object */ = {
			isa = PBXProject;
			attributes = {
				LastSwiftUpdateCheck = 0940;
				LastUpgradeCheck = 0940;
				ORGANIZATIONNAME = Josue;
				TargetAttributes = {
					CA783B58217B821D00329F32 = {
						CreatedOnToolsVersion = 9.4.1;
					};
				};
			};
			buildConfigurationList = CA783B54217B821D00329F32 /* Build configuration list for PBXProject "GreenBottle" */;
			compatibilityVersion = "Xcode 9.3";
			developmentRegion = en;
			hasScannedForEncodings = 0;
			knownRegions = (
				en,
				Base,
			);
			mainGroup = CA783B50217B821D00329F32;
			productRefGroup = CA783B5A217B821D00329F32 /* Products */;
			projectDirPath = "";
			projectRoot = "";
			targets = (
				CA783B58217B821D00329F32 /* GreenBottle */,
			);
		};
/* End PBXProject section */

/* Begin PBXResourcesBuildPhase section */
		CA783B57217B821D00329F32 /* Resources */ = {
			isa = PBXResourcesBuildPhase;
			buildActionMask = 2147483647;
			files = (
				4275BBA4217B90F700A26910 /* UserProfileStoryboard.storyboard in Resources */,
				CA783B67217B821F00329F32 /* LaunchScreen.storyboard in Resources */,
				CA783B64217B821F00329F32 /* Assets.xcassets in Resources */,
				CA783B62217B821D00329F32 /* Main.storyboard in Resources */,
			);
			runOnlyForDeploymentPostprocessing = 0;
		};
/* End PBXResourcesBuildPhase section */

/* Begin PBXSourcesBuildPhase section */
		CA783B55217B821D00329F32 /* Sources */ = {
			isa = PBXSourcesBuildPhase;
			buildActionMask = 2147483647;
			files = (
				4275BBA8217BA52A00A26910 /* EditProfileViewController.swift in Sources */,
				CA783B5F217B821D00329F32 /* ViewController.swift in Sources */,
				4275BBA6217B9AE500A26910 /* UserProfileViewController.swift in Sources */,
				42D5B7F021837BDE00E6CF43 /* User.swift in Sources */,
				CA783B5D217B821D00329F32 /* AppDelegate.swift in Sources */,
				42D5B7F221837E9E00E6CF43 /* EditProfileViewControllerDelegate.swift in Sources */,
			);
			runOnlyForDeploymentPostprocessing = 0;
		};
/* End PBXSourcesBuildPhase section */

/* Begin PBXVariantGroup section */
		CA783B60217B821D00329F32 /* Main.storyboard */ = {
			isa = PBXVariantGroup;
			children = (
				CA783B61217B821D00329F32 /* Base */,
			);
			name = Main.storyboard;
			sourceTree = "<group>";
		};
		CA783B65217B821F00329F32 /* LaunchScreen.storyboard */ = {
			isa = PBXVariantGroup;
			children = (
				CA783B66217B821F00329F32 /* Base */,
			);
			name = LaunchScreen.storyboard;
			sourceTree = "<group>";
		};
/* End PBXVariantGroup section */

/* Begin XCBuildConfiguration section */
		CA783B69217B821F00329F32 /* Debug */ = {
			isa = XCBuildConfiguration;
			buildSettings = {
				ALWAYS_SEARCH_USER_PATHS = NO;
				CLANG_ANALYZER_NONNULL = YES;
				CLANG_ANALYZER_NUMBER_OBJECT_CONVERSION = YES_AGGRESSIVE;
				CLANG_CXX_LANGUAGE_STANDARD = "gnu++14";
				CLANG_CXX_LIBRARY = "libc++";
				CLANG_ENABLE_MODULES = YES;
				CLANG_ENABLE_OBJC_ARC = YES;
				CLANG_ENABLE_OBJC_WEAK = YES;
				CLANG_WARN_BLOCK_CAPTURE_AUTORELEASING = YES;
				CLANG_WARN_BOOL_CONVERSION = YES;
				CLANG_WARN_COMMA = YES;
				CLANG_WARN_CONSTANT_CONVERSION = YES;
				CLANG_WARN_DEPRECATED_OBJC_IMPLEMENTATIONS = YES;
				CLANG_WARN_DIRECT_OBJC_ISA_USAGE = YES_ERROR;
				CLANG_WARN_DOCUMENTATION_COMMENTS = YES;
				CLANG_WARN_EMPTY_BODY = YES;
				CLANG_WARN_ENUM_CONVERSION = YES;
				CLANG_WARN_INFINITE_RECURSION = YES;
				CLANG_WARN_INT_CONVERSION = YES;
				CLANG_WARN_NON_LITERAL_NULL_CONVERSION = YES;
				CLANG_WARN_OBJC_IMPLICIT_RETAIN_SELF = YES;
				CLANG_WARN_OBJC_LITERAL_CONVERSION = YES;
				CLANG_WARN_OBJC_ROOT_CLASS = YES_ERROR;
				CLANG_WARN_RANGE_LOOP_ANALYSIS = YES;
				CLANG_WARN_STRICT_PROTOTYPES = YES;
				CLANG_WARN_SUSPICIOUS_MOVE = YES;
				CLANG_WARN_UNGUARDED_AVAILABILITY = YES_AGGRESSIVE;
				CLANG_WARN_UNREACHABLE_CODE = YES;
				CLANG_WARN__DUPLICATE_METHOD_MATCH = YES;
				CODE_SIGN_IDENTITY = "iPhone Developer";
				COPY_PHASE_STRIP = NO;
				DEBUG_INFORMATION_FORMAT = dwarf;
				ENABLE_STRICT_OBJC_MSGSEND = YES;
				ENABLE_TESTABILITY = YES;
				GCC_C_LANGUAGE_STANDARD = gnu11;
				GCC_DYNAMIC_NO_PIC = NO;
				GCC_NO_COMMON_BLOCKS = YES;
				GCC_OPTIMIZATION_LEVEL = 0;
				GCC_PREPROCESSOR_DEFINITIONS = (
					"DEBUG=1",
					"$(inherited)",
				);
				GCC_WARN_64_TO_32_BIT_CONVERSION = YES;
				GCC_WARN_ABOUT_RETURN_TYPE = YES_ERROR;
				GCC_WARN_UNDECLARED_SELECTOR = YES;
				GCC_WARN_UNINITIALIZED_AUTOS = YES_AGGRESSIVE;
				GCC_WARN_UNUSED_FUNCTION = YES;
				GCC_WARN_UNUSED_VARIABLE = YES;
				IPHONEOS_DEPLOYMENT_TARGET = 11.4;
				MTL_ENABLE_DEBUG_INFO = YES;
				ONLY_ACTIVE_ARCH = YES;
				SDKROOT = iphoneos;
				SWIFT_ACTIVE_COMPILATION_CONDITIONS = DEBUG;
				SWIFT_OPTIMIZATION_LEVEL = "-Onone";
			};
			name = Debug;
		};
		CA783B6A217B821F00329F32 /* Release */ = {
			isa = XCBuildConfiguration;
			buildSettings = {
				ALWAYS_SEARCH_USER_PATHS = NO;
				CLANG_ANALYZER_NONNULL = YES;
				CLANG_ANALYZER_NUMBER_OBJECT_CONVERSION = YES_AGGRESSIVE;
				CLANG_CXX_LANGUAGE_STANDARD = "gnu++14";
				CLANG_CXX_LIBRARY = "libc++";
				CLANG_ENABLE_MODULES = YES;
				CLANG_ENABLE_OBJC_ARC = YES;
				CLANG_ENABLE_OBJC_WEAK = YES;
				CLANG_WARN_BLOCK_CAPTURE_AUTORELEASING = YES;
				CLANG_WARN_BOOL_CONVERSION = YES;
				CLANG_WARN_COMMA = YES;
				CLANG_WARN_CONSTANT_CONVERSION = YES;
				CLANG_WARN_DEPRECATED_OBJC_IMPLEMENTATIONS = YES;
				CLANG_WARN_DIRECT_OBJC_ISA_USAGE = YES_ERROR;
				CLANG_WARN_DOCUMENTATION_COMMENTS = YES;
				CLANG_WARN_EMPTY_BODY = YES;
				CLANG_WARN_ENUM_CONVERSION = YES;
				CLANG_WARN_INFINITE_RECURSION = YES;
				CLANG_WARN_INT_CONVERSION = YES;
				CLANG_WARN_NON_LITERAL_NULL_CONVERSION = YES;
				CLANG_WARN_OBJC_IMPLICIT_RETAIN_SELF = YES;
				CLANG_WARN_OBJC_LITERAL_CONVERSION = YES;
				CLANG_WARN_OBJC_ROOT_CLASS = YES_ERROR;
				CLANG_WARN_RANGE_LOOP_ANALYSIS = YES;
				CLANG_WARN_STRICT_PROTOTYPES = YES;
				CLANG_WARN_SUSPICIOUS_MOVE = YES;
				CLANG_WARN_UNGUARDED_AVAILABILITY = YES_AGGRESSIVE;
				CLANG_WARN_UNREACHABLE_CODE = YES;
				CLANG_WARN__DUPLICATE_METHOD_MATCH = YES;
				CODE_SIGN_IDENTITY = "iPhone Developer";
				COPY_PHASE_STRIP = NO;
				DEBUG_INFORMATION_FORMAT = "dwarf-with-dsym";
				ENABLE_NS_ASSERTIONS = NO;
				ENABLE_STRICT_OBJC_MSGSEND = YES;
				GCC_C_LANGUAGE_STANDARD = gnu11;
				GCC_NO_COMMON_BLOCKS = YES;
				GCC_WARN_64_TO_32_BIT_CONVERSION = YES;
				GCC_WARN_ABOUT_RETURN_TYPE = YES_ERROR;
				GCC_WARN_UNDECLARED_SELECTOR = YES;
				GCC_WARN_UNINITIALIZED_AUTOS = YES_AGGRESSIVE;
				GCC_WARN_UNUSED_FUNCTION = YES;
				GCC_WARN_UNUSED_VARIABLE = YES;
				IPHONEOS_DEPLOYMENT_TARGET = 11.4;
				MTL_ENABLE_DEBUG_INFO = NO;
				SDKROOT = iphoneos;
				SWIFT_COMPILATION_MODE = wholemodule;
				SWIFT_OPTIMIZATION_LEVEL = "-O";
				VALIDATE_PRODUCT = YES;
			};
			name = Release;
		};
		CA783B6C217B821F00329F32 /* Debug */ = {
			isa = XCBuildConfiguration;
			buildSettings = {
				ASSETCATALOG_COMPILER_APPICON_NAME = AppIcon;
				CODE_SIGN_STYLE = Automatic;
				INFOPLIST_FILE = GreenBottle/Info.plist;
				LD_RUNPATH_SEARCH_PATHS = (
					"$(inherited)",
					"@executable_path/Frameworks",
				);
				PRODUCT_BUNDLE_IDENTIFIER = josue.GreenBottle;
				PRODUCT_NAME = "$(TARGET_NAME)";
				SWIFT_VERSION = 4.0;
				TARGETED_DEVICE_FAMILY = "1,2";
			};
			name = Debug;
		};
		CA783B6D217B821F00329F32 /* Release */ = {
			isa = XCBuildConfiguration;
			buildSettings = {
				ASSETCATALOG_COMPILER_APPICON_NAME = AppIcon;
				CODE_SIGN_STYLE = Automatic;
				INFOPLIST_FILE = GreenBottle/Info.plist;
				LD_RUNPATH_SEARCH_PATHS = (
					"$(inherited)",
					"@executable_path/Frameworks",
				);
				PRODUCT_BUNDLE_IDENTIFIER = josue.GreenBottle;
				PRODUCT_NAME = "$(TARGET_NAME)";
				SWIFT_VERSION = 4.0;
				TARGETED_DEVICE_FAMILY = "1,2";
			};
			name = Release;
		};
/* End XCBuildConfiguration section */

/* Begin XCConfigurationList section */
		CA783B54217B821D00329F32 /* Build configuration list for PBXProject "GreenBottle" */ = {
			isa = XCConfigurationList;
			buildConfigurations = (
				CA783B69217B821F00329F32 /* Debug */,
				CA783B6A217B821F00329F32 /* Release */,
			);
			defaultConfigurationIsVisible = 0;
			defaultConfigurationName = Release;
		};
		CA783B6B217B821F00329F32 /* Build configuration list for PBXNativeTarget "GreenBottle" */ = {
			isa = XCConfigurationList;
			buildConfigurations = (
				CA783B6C217B821F00329F32 /* Debug */,
				CA783B6D217B821F00329F32 /* Release */,
			);
			defaultConfigurationIsVisible = 0;
			defaultConfigurationName = Release;
		};
/* End XCConfigurationList section */
	};
	rootObject = CA783B51217B821D00329F32 /* Project object */;
}
